// !$*UTF8*$!
{
	archiveVersion = 1;
	classes = {
	};
	objectVersion = 52;
	objects = {

/* Begin PBXBuildFile section */
		012E186E26F78E2600499A6C /* CustomButtonStyle.swift in Sources */ = {isa = PBXBuildFile; fileRef = 012E186A26F78E2600499A6C /* CustomButtonStyle.swift */; };
		012E186F26F78E2600499A6C /* Size.swift in Sources */ = {isa = PBXBuildFile; fileRef = 012E186B26F78E2600499A6C /* Size.swift */; };
		012E187026F78E2600499A6C /* Style.swift in Sources */ = {isa = PBXBuildFile; fileRef = 012E186C26F78E2600499A6C /* Style.swift */; };
		012E187126F78E2600499A6C /* Color.swift in Sources */ = {isa = PBXBuildFile; fileRef = 012E186D26F78E2600499A6C /* Color.swift */; };
		012E187726F7AF9C00499A6C /* Secrets.plist in Resources */ = {isa = PBXBuildFile; fileRef = 012E187626F7AF9C00499A6C /* Secrets.plist */; };
		012E187926F7AFAB00499A6C /* Secrets-Sample.plist in Resources */ = {isa = PBXBuildFile; fileRef = 012E187826F7AFAB00499A6C /* Secrets-Sample.plist */; };
		012E187B26F7B0C600499A6C /* AirtableUtils.swift in Sources */ = {isa = PBXBuildFile; fileRef = 012E187A26F7B0C600499A6C /* AirtableUtils.swift */; };
		012E187E26F7B3E200499A6C /* AirtableKit in Frameworks */ = {isa = PBXBuildFile; productRef = 012E187D26F7B3E200499A6C /* AirtableKit */; };
		0152918826F3CB80008B2CD6 /* MenuSection.swift in Sources */ = {isa = PBXBuildFile; fileRef = 0152918726F3CB80008B2CD6 /* MenuSection.swift */; };
		0152918A26F3D22D008B2CD6 /* Model.swift in Sources */ = {isa = PBXBuildFile; fileRef = 0152918926F3D22D008B2CD6 /* Model.swift */; };
		0152918E26F4EF64008B2CD6 /* SMSUtils.swift in Sources */ = {isa = PBXBuildFile; fileRef = 0152918D26F4EF64008B2CD6 /* SMSUtils.swift */; };
		01B987DF26EEB0A90014AE3D /* menuApp.swift in Sources */ = {isa = PBXBuildFile; fileRef = 01B987DE26EEB0A90014AE3D /* menuApp.swift */; };
		01B987E126EEB0A90014AE3D /* MenuView.swift in Sources */ = {isa = PBXBuildFile; fileRef = 01B987E026EEB0A90014AE3D /* MenuView.swift */; };
		01B987E326EEB0AA0014AE3D /* Assets.xcassets in Resources */ = {isa = PBXBuildFile; fileRef = 01B987E226EEB0AA0014AE3D /* Assets.xcassets */; };
		01B987E626EEB0AA0014AE3D /* Preview Assets.xcassets in Resources */ = {isa = PBXBuildFile; fileRef = 01B987E526EEB0AA0014AE3D /* Preview Assets.xcassets */; };
/* End PBXBuildFile section */

/* Begin PBXFileReference section */
		012E186A26F78E2600499A6C /* CustomButtonStyle.swift */ = {isa = PBXFileReference; fileEncoding = 4; lastKnownFileType = sourcecode.swift; path = CustomButtonStyle.swift; sourceTree = "<group>"; };
		012E186B26F78E2600499A6C /* Size.swift */ = {isa = PBXFileReference; fileEncoding = 4; lastKnownFileType = sourcecode.swift; path = Size.swift; sourceTree = "<group>"; };
		012E186C26F78E2600499A6C /* Style.swift */ = {isa = PBXFileReference; fileEncoding = 4; lastKnownFileType = sourcecode.swift; path = Style.swift; sourceTree = "<group>"; };
		012E186D26F78E2600499A6C /* Color.swift */ = {isa = PBXFileReference; fileEncoding = 4; lastKnownFileType = sourcecode.swift; path = Color.swift; sourceTree = "<group>"; };
		012E187626F7AF9C00499A6C /* Secrets.plist */ = {isa = PBXFileReference; lastKnownFileType = text.plist.xml; path = Secrets.plist; sourceTree = "<group>"; };
		012E187826F7AFAB00499A6C /* Secrets-Sample.plist */ = {isa = PBXFileReference; lastKnownFileType = text.plist.xml; path = "Secrets-Sample.plist"; sourceTree = "<group>"; };
		012E187A26F7B0C600499A6C /* AirtableUtils.swift */ = {isa = PBXFileReference; lastKnownFileType = sourcecode.swift; path = AirtableUtils.swift; sourceTree = "<group>"; };
		0152918726F3CB80008B2CD6 /* MenuSection.swift */ = {isa = PBXFileReference; lastKnownFileType = sourcecode.swift; path = MenuSection.swift; sourceTree = "<group>"; };
		0152918926F3D22D008B2CD6 /* Model.swift */ = {isa = PBXFileReference; lastKnownFileType = sourcecode.swift; path = Model.swift; sourceTree = "<group>"; };
		0152918D26F4EF64008B2CD6 /* SMSUtils.swift */ = {isa = PBXFileReference; lastKnownFileType = sourcecode.swift; path = SMSUtils.swift; sourceTree = "<group>"; };
		01B987DB26EEB0A90014AE3D /* menu.app */ = {isa = PBXFileReference; explicitFileType = wrapper.application; includeInIndex = 0; path = menu.app; sourceTree = BUILT_PRODUCTS_DIR; };
		01B987DE26EEB0A90014AE3D /* menuApp.swift */ = {isa = PBXFileReference; lastKnownFileType = sourcecode.swift; path = menuApp.swift; sourceTree = "<group>"; };
		01B987E026EEB0A90014AE3D /* MenuView.swift */ = {isa = PBXFileReference; lastKnownFileType = sourcecode.swift; path = MenuView.swift; sourceTree = "<group>"; };
		01B987E226EEB0AA0014AE3D /* Assets.xcassets */ = {isa = PBXFileReference; lastKnownFileType = folder.assetcatalog; path = Assets.xcassets; sourceTree = "<group>"; };
		01B987E526EEB0AA0014AE3D /* Preview Assets.xcassets */ = {isa = PBXFileReference; lastKnownFileType = folder.assetcatalog; path = "Preview Assets.xcassets"; sourceTree = "<group>"; };
		01B987E726EEB0AA0014AE3D /* Info.plist */ = {isa = PBXFileReference; lastKnownFileType = text.plist.xml; path = Info.plist; sourceTree = "<group>"; };
/* End PBXFileReference section */

/* Begin PBXFrameworksBuildPhase section */
		01B987D826EEB0A90014AE3D /* Frameworks */ = {
			isa = PBXFrameworksBuildPhase;
			buildActionMask = 2147483647;
			files = (
				012E187E26F7B3E200499A6C /* AirtableKit in Frameworks */,
			);
			runOnlyForDeploymentPostprocessing = 0;
		};
/* End PBXFrameworksBuildPhase section */

/* Begin PBXGroup section */
		012E186926F78E2600499A6C /* ButtonUtils */ = {
			isa = PBXGroup;
			children = (
				012E186A26F78E2600499A6C /* CustomButtonStyle.swift */,
				012E186B26F78E2600499A6C /* Size.swift */,
				012E186C26F78E2600499A6C /* Style.swift */,
				012E186D26F78E2600499A6C /* Color.swift */,
			);
			path = ButtonUtils;
			sourceTree = "<group>";
		};
		012E187F26F7D50500499A6C /* Utils */ = {
			isa = PBXGroup;
			children = (
				0152918D26F4EF64008B2CD6 /* SMSUtils.swift */,
				012E187A26F7B0C600499A6C /* AirtableUtils.swift */,
				012E186926F78E2600499A6C /* ButtonUtils */,
			);
			path = Utils;
			sourceTree = "<group>";
		};
		01B987D226EEB0A90014AE3D = {
			isa = PBXGroup;
			children = (
				01B987DD26EEB0A90014AE3D /* menu */,
				01B987DC26EEB0A90014AE3D /* Products */,
			);
			sourceTree = "<group>";
		};
		01B987DC26EEB0A90014AE3D /* Products */ = {
			isa = PBXGroup;
			children = (
				01B987DB26EEB0A90014AE3D /* menu.app */,
			);
			name = Products;
			sourceTree = "<group>";
		};
		01B987DD26EEB0A90014AE3D /* menu */ = {
			isa = PBXGroup;
			children = (
				012E187F26F7D50500499A6C /* Utils */,
				01B987E026EEB0A90014AE3D /* MenuView.swift */,
				0152918726F3CB80008B2CD6 /* MenuSection.swift */,
				0152918926F3D22D008B2CD6 /* Model.swift */,
				01B987E226EEB0AA0014AE3D /* Assets.xcassets */,
				01B987DE26EEB0A90014AE3D /* menuApp.swift */,
				01B987E726EEB0AA0014AE3D /* Info.plist */,
				01B987E426EEB0AA0014AE3D /* Preview Content */,
				012E187626F7AF9C00499A6C /* Secrets.plist */,
				012E187826F7AFAB00499A6C /* Secrets-Sample.plist */,
			);
			path = menu;
			sourceTree = "<group>";
		};
		01B987E426EEB0AA0014AE3D /* Preview Content */ = {
			isa = PBXGroup;
			children = (
				01B987E526EEB0AA0014AE3D /* Preview Assets.xcassets */,
			);
			path = "Preview Content";
			sourceTree = "<group>";
		};
/* End PBXGroup section */

/* Begin PBXNativeTarget section */
		01B987DA26EEB0A90014AE3D /* menu */ = {
			isa = PBXNativeTarget;
			buildConfigurationList = 01B9880026EEB0AA0014AE3D /* Build configuration list for PBXNativeTarget "menu" */;
			buildPhases = (
				01B987D726EEB0A90014AE3D /* Sources */,
				01B987D826EEB0A90014AE3D /* Frameworks */,
				01B987D926EEB0A90014AE3D /* Resources */,
			);
			buildRules = (
			);
			dependencies = (
			);
			name = menu;
			packageProductDependencies = (
				012E187D26F7B3E200499A6C /* AirtableKit */,
			);
			productName = lunchMenu;
			productReference = 01B987DB26EEB0A90014AE3D /* menu.app */;
			productType = "com.apple.product-type.application";
		};
/* End PBXNativeTarget section */

/* Begin PBXProject section */
		01B987D326EEB0A90014AE3D /* Project object */ = {
			isa = PBXProject;
			attributes = {
				LastSwiftUpdateCheck = 1250;
				LastUpgradeCheck = 1250;
				TargetAttributes = {
					01B987DA26EEB0A90014AE3D = {
						CreatedOnToolsVersion = 12.5.1;
					};
				};
			};
			buildConfigurationList = 01B987D626EEB0A90014AE3D /* Build configuration list for PBXProject "menu" */;
			compatibilityVersion = "Xcode 9.3";
			developmentRegion = en;
			hasScannedForEncodings = 0;
			knownRegions = (
				en,
				Base,
			);
			mainGroup = 01B987D226EEB0A90014AE3D;
			packageReferences = (
				012E187C26F7B3E200499A6C /* XCRemoteSwiftPackageReference "AirtableKit" */,
			);
			productRefGroup = 01B987DC26EEB0A90014AE3D /* Products */;
			projectDirPath = "";
			projectRoot = "";
			targets = (
				01B987DA26EEB0A90014AE3D /* menu */,
			);
		};
/* End PBXProject section */

/* Begin PBXResourcesBuildPhase section */
		01B987D926EEB0A90014AE3D /* Resources */ = {
			isa = PBXResourcesBuildPhase;
			buildActionMask = 2147483647;
			files = (
				012E187926F7AFAB00499A6C /* Secrets-Sample.plist in Resources */,
				01B987E626EEB0AA0014AE3D /* Preview Assets.xcassets in Resources */,
				012E187726F7AF9C00499A6C /* Secrets.plist in Resources */,
				01B987E326EEB0AA0014AE3D /* Assets.xcassets in Resources */,
			);
			runOnlyForDeploymentPostprocessing = 0;
		};
/* End PBXResourcesBuildPhase section */

/* Begin PBXSourcesBuildPhase section */
		01B987D726EEB0A90014AE3D /* Sources */ = {
			isa = PBXSourcesBuildPhase;
			buildActionMask = 2147483647;
			files = (
				012E186F26F78E2600499A6C /* Size.swift in Sources */,
				01B987E126EEB0A90014AE3D /* MenuView.swift in Sources */,
				0152918E26F4EF64008B2CD6 /* SMSUtils.swift in Sources */,
				012E187B26F7B0C600499A6C /* AirtableUtils.swift in Sources */,
				012E187126F78E2600499A6C /* Color.swift in Sources */,
				0152918826F3CB80008B2CD6 /* MenuSection.swift in Sources */,
				0152918A26F3D22D008B2CD6 /* Model.swift in Sources */,
				012E186E26F78E2600499A6C /* CustomButtonStyle.swift in Sources */,
				012E187026F78E2600499A6C /* Style.swift in Sources */,
				01B987DF26EEB0A90014AE3D /* menuApp.swift in Sources */,
			);
			runOnlyForDeploymentPostprocessing = 0;
		};
/* End PBXSourcesBuildPhase section */

/* Begin XCBuildConfiguration section */
		01B987FE26EEB0AA0014AE3D /* Debug */ = {
			isa = XCBuildConfiguration;
			buildSettings = {
				ALWAYS_SEARCH_USER_PATHS = NO;
				CLANG_ANALYZER_NONNULL = YES;
				CLANG_ANALYZER_NUMBER_OBJECT_CONVERSION = YES_AGGRESSIVE;
				CLANG_CXX_LANGUAGE_STANDARD = "gnu++14";
				CLANG_CXX_LIBRARY = "libc++";
				CLANG_ENABLE_MODULES = YES;
				CLANG_ENABLE_OBJC_ARC = YES;
				CLANG_ENABLE_OBJC_WEAK = YES;
				CLANG_WARN_BLOCK_CAPTURE_AUTORELEASING = YES;
				CLANG_WARN_BOOL_CONVERSION = YES;
				CLANG_WARN_COMMA = YES;
				CLANG_WARN_CONSTANT_CONVERSION = YES;
				CLANG_WARN_DEPRECATED_OBJC_IMPLEMENTATIONS = YES;
				CLANG_WARN_DIRECT_OBJC_ISA_USAGE = YES_ERROR;
				CLANG_WARN_DOCUMENTATION_COMMENTS = YES;
				CLANG_WARN_EMPTY_BODY = YES;
				CLANG_WARN_ENUM_CONVERSION = YES;
				CLANG_WARN_INFINITE_RECURSION = YES;
				CLANG_WARN_INT_CONVERSION = YES;
				CLANG_WARN_NON_LITERAL_NULL_CONVERSION = YES;
				CLANG_WARN_OBJC_IMPLICIT_RETAIN_SELF = YES;
				CLANG_WARN_OBJC_LITERAL_CONVERSION = YES;
				CLANG_WARN_OBJC_ROOT_CLASS = YES_ERROR;
				CLANG_WARN_QUOTED_INCLUDE_IN_FRAMEWORK_HEADER = YES;
				CLANG_WARN_RANGE_LOOP_ANALYSIS = YES;
				CLANG_WARN_STRICT_PROTOTYPES = YES;
				CLANG_WARN_SUSPICIOUS_MOVE = YES;
				CLANG_WARN_UNGUARDED_AVAILABILITY = YES_AGGRESSIVE;
				CLANG_WARN_UNREACHABLE_CODE = YES;
				CLANG_WARN__DUPLICATE_METHOD_MATCH = YES;
				COPY_PHASE_STRIP = NO;
				DEBUG_INFORMATION_FORMAT = dwarf;
				ENABLE_STRICT_OBJC_MSGSEND = YES;
				ENABLE_TESTABILITY = YES;
				GCC_C_LANGUAGE_STANDARD = gnu11;
				GCC_DYNAMIC_NO_PIC = NO;
				GCC_NO_COMMON_BLOCKS = YES;
				GCC_OPTIMIZATION_LEVEL = 0;
				GCC_PREPROCESSOR_DEFINITIONS = (
					"DEBUG=1",
					"$(inherited)",
				);
				GCC_WARN_64_TO_32_BIT_CONVERSION = YES;
				GCC_WARN_ABOUT_RETURN_TYPE = YES_ERROR;
				GCC_WARN_UNDECLARED_SELECTOR = YES;
				GCC_WARN_UNINITIALIZED_AUTOS = YES_AGGRESSIVE;
				GCC_WARN_UNUSED_FUNCTION = YES;
				GCC_WARN_UNUSED_VARIABLE = YES;
				IPHONEOS_DEPLOYMENT_TARGET = 14.5;
				MTL_ENABLE_DEBUG_INFO = INCLUDE_SOURCE;
				MTL_FAST_MATH = YES;
				ONLY_ACTIVE_ARCH = YES;
				SDKROOT = iphoneos;
				SWIFT_ACTIVE_COMPILATION_CONDITIONS = DEBUG;
				SWIFT_OPTIMIZATION_LEVEL = "-Onone";
			};
			name = Debug;
		};
		01B987FF26EEB0AA0014AE3D /* Release */ = {
			isa = XCBuildConfiguration;
			buildSettings = {
				ALWAYS_SEARCH_USER_PATHS = NO;
				CLANG_ANALYZER_NONNULL = YES;
				CLANG_ANALYZER_NUMBER_OBJECT_CONVERSION = YES_AGGRESSIVE;
				CLANG_CXX_LANGUAGE_STANDARD = "gnu++14";
				CLANG_CXX_LIBRARY = "libc++";
				CLANG_ENABLE_MODULES = YES;
				CLANG_ENABLE_OBJC_ARC = YES;
				CLANG_ENABLE_OBJC_WEAK = YES;
				CLANG_WARN_BLOCK_CAPTURE_AUTORELEASING = YES;
				CLANG_WARN_BOOL_CONVERSION = YES;
				CLANG_WARN_COMMA = YES;
				CLANG_WARN_CONSTANT_CONVERSION = YES;
				CLANG_WARN_DEPRECATED_OBJC_IMPLEMENTATIONS = YES;
				CLANG_WARN_DIRECT_OBJC_ISA_USAGE = YES_ERROR;
				CLANG_WARN_DOCUMENTATION_COMMENTS = YES;
				CLANG_WARN_EMPTY_BODY = YES;
				CLANG_WARN_ENUM_CONVERSION = YES;
				CLANG_WARN_INFINITE_RECURSION = YES;
				CLANG_WARN_INT_CONVERSION = YES;
				CLANG_WARN_NON_LITERAL_NULL_CONVERSION = YES;
				CLANG_WARN_OBJC_IMPLICIT_RETAIN_SELF = YES;
				CLANG_WARN_OBJC_LITERAL_CONVERSION = YES;
				CLANG_WARN_OBJC_ROOT_CLASS = YES_ERROR;
				CLANG_WARN_QUOTED_INCLUDE_IN_FRAMEWORK_HEADER = YES;
				CLANG_WARN_RANGE_LOOP_ANALYSIS = YES;
				CLANG_WARN_STRICT_PROTOTYPES = YES;
				CLANG_WARN_SUSPICIOUS_MOVE = YES;
				CLANG_WARN_UNGUARDED_AVAILABILITY = YES_AGGRESSIVE;
				CLANG_WARN_UNREACHABLE_CODE = YES;
				CLANG_WARN__DUPLICATE_METHOD_MATCH = YES;
				COPY_PHASE_STRIP = NO;
				DEBUG_INFORMATION_FORMAT = "dwarf-with-dsym";
				ENABLE_NS_ASSERTIONS = NO;
				ENABLE_STRICT_OBJC_MSGSEND = YES;
				GCC_C_LANGUAGE_STANDARD = gnu11;
				GCC_NO_COMMON_BLOCKS = YES;
				GCC_WARN_64_TO_32_BIT_CONVERSION = YES;
				GCC_WARN_ABOUT_RETURN_TYPE = YES_ERROR;
				GCC_WARN_UNDECLARED_SELECTOR = YES;
				GCC_WARN_UNINITIALIZED_AUTOS = YES_AGGRESSIVE;
				GCC_WARN_UNUSED_FUNCTION = YES;
				GCC_WARN_UNUSED_VARIABLE = YES;
				IPHONEOS_DEPLOYMENT_TARGET = 14.5;
				MTL_ENABLE_DEBUG_INFO = NO;
				MTL_FAST_MATH = YES;
				SDKROOT = iphoneos;
				SWIFT_COMPILATION_MODE = wholemodule;
				SWIFT_OPTIMIZATION_LEVEL = "-O";
				VALIDATE_PRODUCT = YES;
			};
			name = Release;
		};
		01B9880126EEB0AA0014AE3D /* Debug */ = {
			isa = XCBuildConfiguration;
			buildSettings = {
				ASSETCATALOG_COMPILER_APPICON_NAME = AppIcon;
				ASSETCATALOG_COMPILER_GLOBAL_ACCENT_COLOR_NAME = AccentColor;
				CODE_SIGN_STYLE = Automatic;
				DEVELOPMENT_ASSET_PATHS = "\"menu/Preview Content\"";
				DEVELOPMENT_TEAM = NMBK2543Y3;
				ENABLE_PREVIEWS = YES;
				INFOPLIST_FILE = menu/Info.plist;
				IPHONEOS_DEPLOYMENT_TARGET = 14.0;
				LD_RUNPATH_SEARCH_PATHS = (
					"$(inherited)",
					"@executable_path/Frameworks",
				);
				PRODUCT_BUNDLE_IDENTIFIER = ca.astels.menu;
				PRODUCT_NAME = "$(TARGET_NAME)";
				SWIFT_VERSION = 5.0;
				TARGETED_DEVICE_FAMILY = "1,2";
			};
			name = Debug;
		};
		01B9880226EEB0AA0014AE3D /* Release */ = {
			isa = XCBuildConfiguration;
			buildSettings = {
				ASSETCATALOG_COMPILER_APPICON_NAME = AppIcon;
				ASSETCATALOG_COMPILER_GLOBAL_ACCENT_COLOR_NAME = AccentColor;
				CODE_SIGN_STYLE = Automatic;
				DEVELOPMENT_ASSET_PATHS = "\"menu/Preview Content\"";
				DEVELOPMENT_TEAM = NMBK2543Y3;
				ENABLE_PREVIEWS = YES;
				INFOPLIST_FILE = menu/Info.plist;
				IPHONEOS_DEPLOYMENT_TARGET = 14.0;
				LD_RUNPATH_SEARCH_PATHS = (
					"$(inherited)",
					"@executable_path/Frameworks",
				);
				PRODUCT_BUNDLE_IDENTIFIER = ca.astels.menu;
				PRODUCT_NAME = "$(TARGET_NAME)";
				SWIFT_VERSION = 5.0;
				TARGETED_DEVICE_FAMILY = "1,2";
			};
			name = Release;
		};
/* End XCBuildConfiguration section */

/* Begin XCConfigurationList section */
		01B987D626EEB0A90014AE3D /* Build configuration list for PBXProject "menu" */ = {
			isa = XCConfigurationList;
			buildConfigurations = (
				01B987FE26EEB0AA0014AE3D /* Debug */,
				01B987FF26EEB0AA0014AE3D /* Release */,
			);
			defaultConfigurationIsVisible = 0;
			defaultConfigurationName = Release;
		};
		01B9880026EEB0AA0014AE3D /* Build configuration list for PBXNativeTarget "menu" */ = {
			isa = XCConfigurationList;
			buildConfigurations = (
				01B9880126EEB0AA0014AE3D /* Debug */,
				01B9880226EEB0AA0014AE3D /* Release */,
			);
			defaultConfigurationIsVisible = 0;
			defaultConfigurationName = Release;
		};
/* End XCConfigurationList section */

/* Begin XCRemoteSwiftPackageReference section */
		012E187C26F7B3E200499A6C /* XCRemoteSwiftPackageReference "AirtableKit" */ = {
			isa = XCRemoteSwiftPackageReference;
			repositoryURL = "http://github.com/appledeveloperacademypucrs/AirtableKit.git";
			requirement = {
				kind = upToNextMajorVersion;
				minimumVersion = 1.0.1;
			};
		};
/* End XCRemoteSwiftPackageReference section */

/* Begin XCSwiftPackageProductDependency section */
		012E187D26F7B3E200499A6C /* AirtableKit */ = {
			isa = XCSwiftPackageProductDependency;
			package = 012E187C26F7B3E200499A6C /* XCRemoteSwiftPackageReference "AirtableKit" */;
			productName = AirtableKit;
		};
/* End XCSwiftPackageProductDependency section */
	};
	rootObject = 01B987D326EEB0A90014AE3D /* Project object */;
}
